
Microsoft Visual Studio Solution File, Format Version 12.00
# Visual Studio 2015
Project("{FAE04EC0-301F-11D3-BF4B-00C04F79EFBC}") = "ygavr2.CSharp", "ygavr2.CSharp.csproj", "{0C9811E8-9EEC-F549-BD88-4046EB6E8DD2}"
EndProject
Project("{FAE04EC0-301F-11D3-BF4B-00C04F79EFBC}") = "ygavr2.CSharp.Editor", "ygavr2.CSharp.Editor.csproj", "{36F2B283-35FF-7485-F881-9321FD372E44}"
EndProject
Global
	GlobalSection(SolutionConfigurationPlatforms) = preSolution
		Debug|Any CPU = Debug|Any CPU
		Release|Any CPU = Release|Any CPU
	EndGlobalSection
	GlobalSection(ProjectConfigurationPlatforms) = postSolution
		{0C9811E8-9EEC-F549-BD88-4046EB6E8DD2}.Debug|Any CPU.ActiveCfg = Debug|Any CPU
		{0C9811E8-9EEC-F549-BD88-4046EB6E8DD2}.Debug|Any CPU.Build.0 = Debug|Any CPU
		{0C9811E8-9EEC-F549-BD88-4046EB6E8DD2}.Release|Any CPU.ActiveCfg = Release|Any CPU
		{0C9811E8-9EEC-F549-BD88-4046EB6E8DD2}.Release|Any CPU.Build.0 = Release|Any CPU
		{36F2B283-35FF-7485-F881-9321FD372E44}.Debug|Any CPU.ActiveCfg = Debug|Any CPU
		{36F2B283-35FF-7485-F881-9321FD372E44}.Debug|Any CPU.Build.0 = Debug|Any CPU
		{36F2B283-35FF-7485-F881-9321FD372E44}.Release|Any CPU.ActiveCfg = Release|Any CPU
		{36F2B283-35FF-7485-F881-9321FD372E44}.Release|Any CPU.Build.0 = Release|Any CPU
	EndGlobalSection
	GlobalSection(SolutionProperties) = preSolution
		HideSolutionNode = FALSE
	EndGlobalSection
EndGlobal
